lockfileVersion: '9.0'

settings:
  autoInstallPeers: true
  excludeLinksFromLockfile: false

importers:

  .:
    dependencies:
      '@microsoft/kiota-authentication-azure':
        specifier: 1.0.0-preview.106
        version: 1.0.0-preview.106
      '@microsoft/kiota-bundle':
        specifier: 1.0.0-preview.106
        version: 1.0.0-preview.106
    devDependencies:
      typescript:
        specifier: ^5.6.0
        version: 5.9.3

packages:

  '@azure/abort-controller@2.2.0':
    resolution: {integrity: sha512-fNAjWnA/nZ2jz31kxR/AqRaUT8ewHBw/WuBIosK0moMy1C9e5ValbDfFdIxJzVOOYaYkV/b2F1S4H/aHiqfVQg==}
    engines: {node: '>=22.0.0'}

  '@azure/core-auth@1.11.0':
    resolution: {integrity: sha512-IUZydyTUkDnYdstOW9pFOOUQlBjAepK5teihDE3x6yxsPJs/hsAaaYpeGxdxrgtOiJbBKSjKW7MDk7AEhb4LRg==}
    engines: {node: '>=22.0.0'}

  '@azure/core-util@1.14.0':
    resolution: {integrity: sha512-9n2pWK61veAuN0V20t9lOuoV4CFMdyAZ1ygZzvBGk/pBBJRib/PjL9PLXa/aI2CcPpyHfqVsxxqLCYl6uZlfDw==}
    engines: {node: '>=22.0.0'}

  '@microsoft/kiota-abstractions@1.0.0-preview.106':
    resolution: {integrity: sha512-W3BRyBzTUW2RKsUWcUEBTHczTL3tGCY6Ca4kdpwDZoq0J2KTSoCsXqb9/2S9BaAgI/Nv5Px7I/T1+G2Q7Vzpvw==}

  '@microsoft/kiota-authentication-azure@1.0.0-preview.106':
    resolution: {integrity: sha512-mt7BTmT0XZcWZ5ShJbZONRum9SWNCCuUUUTKBvJf6LhzVB2V/5Cokmagm6jl5wJijEvQa3TS3Un2wwxFL4z3iw==}

  '@microsoft/kiota-bundle@1.0.0-preview.106':
    resolution: {integrity: sha512-gIiPK3mt/FzX6qa3QSKb97jkngeLOItAvyFamDckR2NxqpVjbX1B+KHIXnOaFP6iB/cxIQ0d6owEq5G/YshaJQ==}

  '@microsoft/kiota-http-fetchlibrary@1.0.0-preview.106':
    resolution: {integrity: sha512-/3g90hQYZuZhi1KiHVnaX2tCgWyMdwbWdG5B1iLO9OGYVCiARdn7XxoB54uUQawYGqMNVqH3OS7ccVDUyI6fBQ==}

  '@microsoft/kiota-serialization-form@1.0.0-preview.106':
    resolution: {integrity: sha512-6O1Ec2qwf4kaircbFrx2LulLn5Kgz0fRXEg52gXhOGbmIpdcYls1VHsj0XivmxqOwXJGCBEGWrLl4B8UgRAqOQ==}

  '@microsoft/kiota-serialization-json@1.0.0-preview.106':
    resolution: {integrity: sha512-BrNqyS7ealFKjfwTjeUublBxm9KABCaYWndUNTZrb0iIVoeeE5sup7kaIccaizOS5CfkYD00ktUJIGfzEbMf5g==}

  '@microsoft/kiota-serialization-multipart@1.0.0-preview.106':
    resolution: {integrity: sha512-uU+mhDD27vLIKRJSw855BSf/eh7byvak3vvi6Vh7WNknRNLD/DrfMxdomYxzFVxeNPKZyOcDB5icsJrhGW8Smg==}

  '@microsoft/kiota-serialization-text@1.0.0-preview.106':
    resolution: {integrity: sha512-dsxIlzFl/7H4hpGinUO8eNOr2L0VUzQfsf3zm6Sa6eZuRJNvs1CrFgVwFDa6h5Qy/AtuyOwZton/gtWQEKJW5w==}

  '@opentelemetry/api@1.9.1':
    resolution: {integrity: sha512-gLyJlPHPZYdAk1JENA9LeHejZe1Ti77/pTeFm/nMXmQH/HFZlcS/O2XJB+L8fkbrNSqhdtlvjBVjxwUYanNH5Q==}
    engines: {node: '>=8.0.0'}

  '@std-uritemplate/std-uritemplate@2.0.12':
    resolution: {integrity: sha512-s/R828vYTrFPgAOFAUiHuP4i1eSZHCO9PKVfzVR+2DFERJ/G71BpZJVObM2yy3xeMjMW3wB61gvanb6/pV1lJw==}

  '@typespec/ts-http-runtime@0.3.8':
    resolution: {integrity: sha512-bLMpVcWZNzq6lYOybwFwOAR1IXKcHnhUNqYeHjl1bET/qE3jFPFH+p8Wrh3rU4xwdnifPxmKNESBYnvnmc75aA==}
    engines: {node: '>=22.0.0'}

  agent-base@7.1.4:
    resolution: {integrity: sha512-MnA+YT8fwfJPgBx3m60MNqakm30XOkyIoH1y6huTQvC0PwZG7ki8NacLBcrPbNoo8vEZy7Jpuk7+jMO+CUovTQ==}
    engines: {node: '>= 14'}

  debug@4.4.3:
    resolution: {integrity: sha512-RGwwWnwQvkVfavKVt22FGLw+xYSdzARwm0ru6DhTVA3umU5hZc28V3kO4stgYryrTlLpuvgI9GiijltAjNbcqA==}
    engines: {node: '>=6.0'}
    peerDependencies:
      supports-color: '*'
    peerDependenciesMeta:
      supports-color:
        optional: true

  http-proxy-agent@7.0.2:
    resolution: {integrity: sha512-T1gkAiYYDWYx3V5Bmyu7HcfcvL7mUrTWiM6yOfa3PIphViJ/gFPbvidQ+veqSOHci/PxBcDabeUNCzpOODJZig==}
    engines: {node: '>= 14'}

  https-proxy-agent@7.0.6:
    resolution: {integrity: sha512-vK9P5/iUfdl95AI+JVyUuIcVtd4ofvtrOr3HNtM2yxC9bnMbEdp3x01OhQNnjb8IJYi38VlTE3mBXwcfvywuSw==}
    engines: {node: '>= 14'}

  ms@2.1.3:
    resolution: {integrity: sha512-6FlzubTLZG3J2a/NVCAleEhjzq5oxgHyaCU9yYXvcLsvoVaHJq/s5xXI6/XXP6tz7R9xAOtHnSO/tXtF3WRTlA==}

  tinyduration@3.4.1:
    resolution: {integrity: sha512-NemFoamVYn7TmtwZKZ3OiliM9fZkr6EWiTM+wKknco6POSy2gS689xx/pXip0JYp40HXpUw6k65CUYHWYUXdaA==}

  tslib@2.8.1:
    resolution: {integrity: sha512-oJFu94HQb+KVduSUQL7wnpmqnfmLsOA/nAh6b6EH0wCEoK0/mPeXU6c3wKDV83MkOuHPRHtSXKKU99IBazS/2w==}

  typescript@5.9.3:
    resolution: {integrity: sha512-jl1vZzPDinLr9eUt3J/t7V6FgNEw9QjvBPdysz9KfQDD41fQrC2Y4vKQdiaUpFT4bXlb1RHhLpp8wtm6M5TgSw==}
    engines: {node: '>=14.17'}
    hasBin: true

snapshots:

  '@azure/abort-controller@2.2.0':
    dependencies:
      tslib: 2.8.1

  '@azure/core-auth@1.11.0':
    dependencies:
      '@azure/abort-controller': 2.2.0
      '@azure/core-util': 1.14.0
      tslib: 2.8.1
    transitivePeerDependencies:
      - supports-color

  '@azure/core-util@1.14.0':
    dependencies:
      '@azure/abort-controller': 2.2.0
      '@typespec/ts-http-runtime': 0.3.8
      tslib: 2.8.1
    transitivePeerDependencies:
      - supports-color

  '@microsoft/kiota-abstractions@1.0.0-preview.106':
    dependencies:
      '@opentelemetry/api': 1.9.1
      '@std-uritemplate/std-uritemplate': 2.0.12
      tinyduration: 3.4.1
      tslib: 2.8.1

  '@microsoft/kiota-authentication-azure@1.0.0-preview.106':
    dependencies:
      '@azure/core-auth': 1.11.0
      '@microsoft/kiota-abstractions': 1.0.0-preview.106
      '@opentelemetry/api': 1.9.1
      tslib: 2.8.1
    transitivePeerDependencies:
      - supports-color

  '@microsoft/kiota-bundle@1.0.0-preview.106':
    dependencies:
      '@microsoft/kiota-abstractions': 1.0.0-preview.106
      '@microsoft/kiota-http-fetchlibrary': 1.0.0-preview.106
      '@microsoft/kiota-serialization-form': 1.0.0-preview.106
      '@microsoft/kiota-serialization-json': 1.0.0-preview.106
      '@microsoft/kiota-serialization-multipart': 1.0.0-preview.106
      '@microsoft/kiota-serialization-text': 1.0.0-preview.106

  '@microsoft/kiota-http-fetchlibrary@1.0.0-preview.106':
    dependencies:
      '@microsoft/kiota-abstractions': 1.0.0-preview.106
      '@opentelemetry/api': 1.9.1
      tslib: 2.8.1

  '@microsoft/kiota-serialization-form@1.0.0-preview.106':
    dependencies:
      '@microsoft/kiota-abstractions': 1.0.0-preview.106
      tslib: 2.8.1

  '@microsoft/kiota-serialization-json@1.0.0-preview.106':
    dependencies:
      '@microsoft/kiota-abstractions': 1.0.0-preview.106
      tslib: 2.8.1

  '@microsoft/kiota-serialization-multipart@1.0.0-preview.106':
    dependencies:
      '@microsoft/kiota-abstractions': 1.0.0-preview.106
      tslib: 2.8.1

  '@microsoft/kiota-serialization-text@1.0.0-preview.106':
    dependencies:
      '@microsoft/kiota-abstractions': 1.0.0-preview.106
      tslib: 2.8.1

  '@opentelemetry/api@1.9.1': {}

  '@std-uritemplate/std-uritemplate@2.0.12': {}

  '@typespec/ts-http-runtime@0.3.8':
    dependencies:
      http-proxy-agent: 7.0.2
      https-proxy-agent: 7.0.6
      tslib: 2.8.1
    transitivePeerDependencies:
      - supports-color

  agent-base@7.1.4: {}

  debug@4.4.3:
    dependencies:
      ms: 2.1.3

  http-proxy-agent@7.0.2:
    dependencies:
      agent-base: 7.1.4
      debug: 4.4.3
    transitivePeerDependencies:
      - supports-color

  https-proxy-agent@7.0.6:
    dependencies:
      agent-base: 7.1.4
      debug: 4.4.3
    transitivePeerDependencies:
      - supports-color

  ms@2.1.3: {}

  tinyduration@3.4.1: {}

  tslib@2.8.1: {}

  typescript@5.9.3: {}
